
Microsoft Visual Studio Solution File, Format Version 12.00
# Visual Studio Version 16
VisualStudioVersion = 16.0.33529.622
MinimumVisualStudioVersion = 10.0.40219.1
Project("{FAE04EC0-301F-11D3-BF4B-00C04F79EFBC}") = "WEB-ASP", "WEB-ASP\WEB-ASP.csproj", "{19E92698-06BE-443C-A929-DEB82C090BA7}"
EndProject
Global
	GlobalSection(SolutionConfigurationPlatforms) = preSolution
		Debug|Any CPU = Debug|Any CPU
		Release|Any CPU = Release|Any CPU
	EndGlobalSection
	GlobalSection(ProjectConfigurationPlatforms) = postSolution
		{19E92698-06BE-443C-A929-DEB82C090BA7}.Debug|Any CPU.ActiveCfg = Debug|Any CPU
		{19E92698-06BE-443C-A929-DEB82C090BA7}.Debug|Any CPU.Build.0 = Debug|Any CPU
		{19E92698-06BE-443C-A929-DEB82C090BA7}.Release|Any CPU.ActiveCfg = Release|Any CPU
		{19E92698-06BE-443C-A929-DEB82C090BA7}.Release|Any CPU.Build.0 = Release|Any CPU
	EndGlobalSection
	GlobalSection(SolutionProperties) = preSolution
		HideSolutionNode = FALSE
	EndGlobalSection
	GlobalSection(ExtensibilityGlobals) = postSolution
		SolutionGuid = {1F22DFA5-2341-49A5-BD8A-8A7E14A03E5C}
	EndGlobalSection
EndGlobal
